// !$*UTF8*$!
{
	archiveVersion = 1;
	classes = {
	};
	objectVersion = 46;
	objects = {

/* Begin PBXBuildFile section */
		42D9FE511EB1AB8C001C9B02 /* AppDelegate.swift in Sources */ = {isa = PBXBuildFile; fileRef = 42D9FE501EB1AB8C001C9B02 /* AppDelegate.swift */; };
		42D9FE531EB1AB8C001C9B02 /* ViewController.swift in Sources */ = {isa = PBXBuildFile; fileRef = 42D9FE521EB1AB8C001C9B02 /* ViewController.swift */; };
		42D9FE561EB1AB8C001C9B02 /* Main.storyboard in Resources */ = {isa = PBXBuildFile; fileRef = 42D9FE541EB1AB8C001C9B02 /* Main.storyboard */; };
		42D9FE581EB1AB8C001C9B02 /* Assets.xcassets in Resources */ = {isa = PBXBuildFile; fileRef = 42D9FE571EB1AB8C001C9B02 /* Assets.xcassets */; };
		42D9FE5B1EB1AB8C001C9B02 /* LaunchScreen.storyboard in Resources */ = {isa = PBXBuildFile; fileRef = 42D9FE591EB1AB8C001C9B02 /* LaunchScreen.storyboard */; };
		42D9FE631EB1AF06001C9B02 /* pokemon.csv in Resources */ = {isa = PBXBuildFile; fileRef = 42D9FE621EB1AF06001C9B02 /* pokemon.csv */; };
/* End PBXBuildFile section */

/* Begin PBXFileReference section */
		42D9FE4D1EB1AB8C001C9B02 /* Pokedex.app */ = {isa = PBXFileReference; explicitFileType = wrapper.application; includeInIndex = 0; path = Pokedex.app; sourceTree = BUILT_PRODUCTS_DIR; };
		42D9FE501EB1AB8C001C9B02 /* AppDelegate.swift */ = {isa = PBXFileReference; lastKnownFileType = sourcecode.swift; path = AppDelegate.swift; sourceTree = "<group>"; };
		42D9FE521EB1AB8C001C9B02 /* ViewController.swift */ = {isa = PBXFileReference; lastKnownFileType = sourcecode.swift; path = ViewController.swift; sourceTree = "<group>"; };
		42D9FE551EB1AB8C001C9B02 /* Base */ = {isa = PBXFileReference; lastKnownFileType = file.storyboard; name = Base; path = Base.lproj/Main.storyboard; sourceTree = "<group>"; };
		42D9FE571EB1AB8C001C9B02 /* Assets.xcassets */ = {isa = PBXFileReference; lastKnownFileType = folder.assetcatalog; path = Assets.xcassets; sourceTree = "<group>"; };
		42D9FE5A1EB1AB8C001C9B02 /* Base */ = {isa = PBXFileReference; lastKnownFileType = file.storyboard; name = Base; path = Base.lproj/LaunchScreen.storyboard; sourceTree = "<group>"; };
		42D9FE5C1EB1AB8C001C9B02 /* Info.plist */ = {isa = PBXFileReference; lastKnownFileType = text.plist.xml; path = Info.plist; sourceTree = "<group>"; };
		42D9FE621EB1AF06001C9B02 /* pokemon.csv */ = {isa = PBXFileReference; fileEncoding = 4; lastKnownFileType = text; path = pokemon.csv; sourceTree = "<group>"; };
/* End PBXFileReference section */

/* Begin PBXFrameworksBuildPhase section */
		42D9FE4A1EB1AB8C001C9B02 /* Frameworks */ = {
			isa = PBXFrameworksBuildPhase;
			buildActionMask = 2147483647;
			files = (
			);
			runOnlyForDeploymentPostprocessing = 0;
		};
/* End PBXFrameworksBuildPhase section */

/* Begin PBXGroup section */
		42D9FE441EB1AB8C001C9B02 = {
			isa = PBXGroup;
			children = (
				42D9FE4F1EB1AB8C001C9B02 /* Pokedex */,
				42D9FE4E1EB1AB8C001C9B02 /* Products */,
			);
			sourceTree = "<group>";
		};
		42D9FE4E1EB1AB8C001C9B02 /* Products */ = {
			isa = PBXGroup;
			children = (
				42D9FE4D1EB1AB8C001C9B02 /* Pokedex.app */,
			);
			name = Products;
			sourceTree = "<group>";
		};
		42D9FE4F1EB1AB8C001C9B02 /* Pokedex */ = {
			isa = PBXGroup;
			children = (
				42D9FE501EB1AB8C001C9B02 /* AppDelegate.swift */,
				42D9FE521EB1AB8C001C9B02 /* ViewController.swift */,
				42D9FE541EB1AB8C001C9B02 /* Main.storyboard */,
				42D9FE621EB1AF06001C9B02 /* pokemon.csv */,
				42D9FE571EB1AB8C001C9B02 /* Assets.xcassets */,
				42D9FE591EB1AB8C001C9B02 /* LaunchScreen.storyboard */,
				42D9FE5C1EB1AB8C001C9B02 /* Info.plist */,
			);
			path = Pokedex;
			sourceTree = "<group>";
		};
/* End PBXGroup section */

/* Begin PBXNativeTarget section */
		42D9FE4C1EB1AB8C001C9B02 /* Pokedex */ = {
			isa = PBXNativeTarget;
			buildConfigurationList = 42D9FE5F1EB1AB8C001C9B02 /* Build configuration list for PBXNativeTarget "Pokedex" */;
			buildPhases = (
				42D9FE491EB1AB8C001C9B02 /* Sources */,
				42D9FE4A1EB1AB8C001C9B02 /* Frameworks */,
				42D9FE4B1EB1AB8C001C9B02 /* Resources */,
			);
			buildRules = (
			);
			dependencies = (
			);
			name = Pokedex;
			productName = Pokedex;
			productReference = 42D9FE4D1EB1AB8C001C9B02 /* Pokedex.app */;
			productType = "com.apple.product-type.application";
		};
/* End PBXNativeTarget section */

/* Begin PBXProject section */
		42D9FE451EB1AB8C001C9B02 /* Project object */ = {
			isa = PBXProject;
			attributes = {
				LastSwiftUpdateCheck = 0820;
				LastUpgradeCheck = 0820;
				ORGANIZATIONNAME = Slicknick;
				TargetAttributes = {
					42D9FE4C1EB1AB8C001C9B02 = {
						CreatedOnToolsVersion = 8.2.1;
						DevelopmentTeam = XQP2JQUD3C;
						ProvisioningStyle = Automatic;
					};
				};
			};
			buildConfigurationList = 42D9FE481EB1AB8C001C9B02 /* Build configuration list for PBXProject "Pokedex" */;
			compatibilityVersion = "Xcode 3.2";
			developmentRegion = English;
			hasScannedForEncodings = 0;
			knownRegions = (
				en,
				Base,
			);
			mainGroup = 42D9FE441EB1AB8C001C9B02;
			productRefGroup = 42D9FE4E1EB1AB8C001C9B02 /* Products */;
			projectDirPath = "";
			projectRoot = "";
			targets = (
				42D9FE4C1EB1AB8C001C9B02 /* Pokedex */,
			);
		};
/* End PBXProject section */

/* Begin PBXResourcesBuildPhase section */
		42D9FE4B1EB1AB8C001C9B02 /* Resources */ = {
			isa = PBXResourcesBuildPhase;
			buildActionMask = 2147483647;
			files = (
				42D9FE5B1EB1AB8C001C9B02 /* LaunchScreen.storyboard in Resources */,
				42D9FE581EB1AB8C001C9B02 /* Assets.xcassets in Resources */,
				42D9FE631EB1AF06001C9B02 /* pokemon.csv in Resources */,
				42D9FE561EB1AB8C001C9B02 /* Main.storyboard in Resources */,
			);
			runOnlyForDeploymentPostprocessing = 0;
		};
/* End PBXResourcesBuildPhase section */

/* Begin PBXSourcesBuildPhase section */
		42D9FE491EB1AB8C001C9B02 /* Sources */ = {
			isa = PBXSourcesBuildPhase;
			buildActionMask = 2147483647;
			files = (
				42D9FE531EB1AB8C001C9B02 /* ViewController.swift in Sources */,
				42D9FE511EB1AB8C001C9B02 /* AppDelegate.swift in Sources */,
			);
			runOnlyForDeploymentPostprocessing = 0;
		};
/* End PBXSourcesBuildPhase section */

/* Begin PBXVariantGroup section */
		42D9FE541EB1AB8C001C9B02 /* Main.storyboard */ = {
			isa = PBXVariantGroup;
			children = (
				42D9FE551EB1AB8C001C9B02 /* Base */,
			);
			name = Main.storyboard;
			sourceTree = "<group>";
		};
		42D9FE591EB1AB8C001C9B02 /* LaunchScreen.storyboard */ = {
			isa = PBXVariantGroup;
			children = (
				42D9FE5A1EB1AB8C001C9B02 /* Base */,
			);
			name = LaunchScreen.storyboard;
			sourceTree = "<group>";
		};
/* End PBXVariantGroup section */

/* Begin XCBuildConfiguration section */
		42D9FE5D1EB1AB8C001C9B02 /* Debug */ = {
			isa = XCBuildConfiguration;
			buildSettings = {
				ALWAYS_SEARCH_USER_PATHS = NO;
				CLANG_ANALYZER_NONNULL = YES;
				CLANG_CXX_LANGUAGE_STANDARD = "gnu++0x";
				CLANG_CXX_LIBRARY = "libc++";
				CLANG_ENABLE_MODULES = YES;
				CLANG_ENABLE_OBJC_ARC = YES;
				CLANG_WARN_BOOL_CONVERSION = YES;
				CLANG_WARN_CONSTANT_CONVERSION = YES;
				CLANG_WARN_DIRECT_OBJC_ISA_USAGE = YES_ERROR;
				CLANG_WARN_DOCUMENTATION_COMMENTS = YES;
				CLANG_WARN_EMPTY_BODY = YES;
				CLANG_WARN_ENUM_CONVERSION = YES;
				CLANG_WARN_INFINITE_RECURSION = YES;
				CLANG_WARN_INT_CONVERSION = YES;
				CLANG_WARN_OBJC_ROOT_CLASS = YES_ERROR;
				CLANG_WARN_SUSPICIOUS_MOVE = YES;
				CLANG_WARN_UNREACHABLE_CODE = YES;
				CLANG_WARN__DUPLICATE_METHOD_MATCH = YES;
				"CODE_SIGN_IDENTITY[sdk=iphoneos*]" = "iPhone Developer";
				COPY_PHASE_STRIP = NO;
				DEBUG_INFORMATION_FORMAT = dwarf;
				ENABLE_STRICT_OBJC_MSGSEND = YES;
				ENABLE_TESTABILITY = YES;
				GCC_C_LANGUAGE_STANDARD = gnu99;
				GCC_DYNAMIC_NO_PIC = NO;
				GCC_NO_COMMON_BLOCKS = YES;
				GCC_OPTIMIZATION_LEVEL = 0;
				GCC_PREPROCESSOR_DEFINITIONS = (
					"DEBUG=1",
					"$(inherited)",
				);
				GCC_WARN_64_TO_32_BIT_CONVERSION = YES;
				GCC_WARN_ABOUT_RETURN_TYPE = YES_ERROR;
				GCC_WARN_UNDECLARED_SELECTOR = YES;
				GCC_WARN_UNINITIALIZED_AUTOS = YES_AGGRESSIVE;
				GCC_WARN_UNUSED_FUNCTION = YES;
				GCC_WARN_UNUSED_VARIABLE = YES;
				IPHONEOS_DEPLOYMENT_TARGET = 10.2;
				MTL_ENABLE_DEBUG_INFO = YES;
				ONLY_ACTIVE_ARCH = YES;
				SDKROOT = iphoneos;
				SWIFT_ACTIVE_COMPILATION_CONDITIONS = DEBUG;
				SWIFT_OPTIMIZATION_LEVEL = "-Onone";
				TARGETED_DEVICE_FAMILY = "1,2";
			};
			name = Debug;
		};
		42D9FE5E1EB1AB8C001C9B02 /* Release */ = {
			isa = XCBuildConfiguration;
			buildSettings = {
				ALWAYS_SEARCH_USER_PATHS = NO;
				CLANG_ANALYZER_NONNULL = YES;
				CLANG_CXX_LANGUAGE_STANDARD = "gnu++0x";
				CLANG_CXX_LIBRARY = "libc++";
				CLANG_ENABLE_MODULES = YES;
				CLANG_ENABLE_OBJC_ARC = YES;
				CLANG_WARN_BOOL_CONVERSION = YES;
				CLANG_WARN_CONSTANT_CONVERSION = YES;
				CLANG_WARN_DIRECT_OBJC_ISA_USAGE = YES_ERROR;
				CLANG_WARN_DOCUMENTATION_COMMENTS = YES;
				CLANG_WARN_EMPTY_BODY = YES;
				CLANG_WARN_ENUM_CONVERSION = YES;
				CLANG_WARN_INFINITE_RECURSION = YES;
				CLANG_WARN_INT_CONVERSION = YES;
				CLANG_WARN_OBJC_ROOT_CLASS = YES_ERROR;
				CLANG_WARN_SUSPICIOUS_MOVE = YES;
				CLANG_WARN_UNREACHABLE_CODE = YES;
				CLANG_WARN__DUPLICATE_METHOD_MATCH = YES;
				"CODE_SIGN_IDENTITY[sdk=iphoneos*]" = "iPhone Developer";
				COPY_PHASE_STRIP = NO;
				DEBUG_INFORMATION_FORMAT = "dwarf-with-dsym";
				ENABLE_NS_ASSERTIONS = NO;
				ENABLE_STRICT_OBJC_MSGSEND = YES;
				GCC_C_LANGUAGE_STANDARD = gnu99;
				GCC_NO_COMMON_BLOCKS = YES;
				GCC_WARN_64_TO_32_BIT_CONVERSION = YES;
				GCC_WARN_ABOUT_RETURN_TYPE = YES_ERROR;
				GCC_WARN_UNDECLARED_SELECTOR = YES;
				GCC_WARN_UNINITIALIZED_AUTOS = YES_AGGRESSIVE;
				GCC_WARN_UNUSED_FUNCTION = YES;
				GCC_WARN_UNUSED_VARIABLE = YES;
				IPHONEOS_DEPLOYMENT_TARGET = 10.2;
				MTL_ENABLE_DEBUG_INFO = NO;
				SDKROOT = iphoneos;
				SWIFT_OPTIMIZATION_LEVEL = "-Owholemodule";
				TARGETED_DEVICE_FAMILY = "1,2";
				VALIDATE_PRODUCT = YES;
			};
			name = Release;
		};
		42D9FE601EB1AB8C001C9B02 /* Debug */ = {
			isa = XCBuildConfiguration;
			buildSettings = {
				ASSETCATALOG_COMPILER_APPICON_NAME = AppIcon;
				DEVELOPMENT_TEAM = XQP2JQUD3C;
				INFOPLIST_FILE = Pokedex/Info.plist;
				LD_RUNPATH_SEARCH_PATHS = "$(inherited) @executable_path/Frameworks";
				PRODUCT_BUNDLE_IDENTIFIER = com.example.Pokedex;
				PRODUCT_NAME = "$(TARGET_NAME)";
				SWIFT_VERSION = 3.0;
			};
			name = Debug;
		};
		42D9FE611EB1AB8C001C9B02 /* Release */ = {
			isa = XCBuildConfiguration;
			buildSettings = {
				ASSETCATALOG_COMPILER_APPICON_NAME = AppIcon;
				DEVELOPMENT_TEAM = XQP2JQUD3C;
				INFOPLIST_FILE = Pokedex/Info.plist;
				LD_RUNPATH_SEARCH_PATHS = "$(inherited) @executable_path/Frameworks";
				PRODUCT_BUNDLE_IDENTIFIER = com.example.Pokedex;
				PRODUCT_NAME = "$(TARGET_NAME)";
				SWIFT_VERSION = 3.0;
			};
			name = Release;
		};
/* End XCBuildConfiguration section */

/* Begin XCConfigurationList section */
		42D9FE481EB1AB8C001C9B02 /* Build configuration list for PBXProject "Pokedex" */ = {
			isa = XCConfigurationList;
			buildConfigurations = (
				42D9FE5D1EB1AB8C001C9B02 /* Debug */,
				42D9FE5E1EB1AB8C001C9B02 /* Release */,
			);
			defaultConfigurationIsVisible = 0;
			defaultConfigurationName = Release;
		};
		42D9FE5F1EB1AB8C001C9B02 /* Build configuration list for PBXNativeTarget "Pokedex" */ = {
			isa = XCConfigurationList;
			buildConfigurations = (
				42D9FE601EB1AB8C001C9B02 /* Debug */,
				42D9FE611EB1AB8C001C9B02 /* Release */,
			);
			defaultConfigurationIsVisible = 0;
		};
/* End XCConfigurationList section */
	};
	rootObject = 42D9FE451EB1AB8C001C9B02 /* Project object */;
}
